
Microsoft Visual Studio Solution File, Format Version 12.00
# Visual Studio Version 16
VisualStudioVersion = 16.0.29102.190
MinimumVisualStudioVersion = 10.0.40219.1
Project("{FAE04EC0-301F-11D3-BF4B-00C04F79EFBC}") = "Water on Mars", "Water on Mars\Water on Mars.csproj", "{D4811CFB-FB23-4B5E-A50B-8EEC9DE18644}"
EndProject
Global
	GlobalSection(SolutionConfigurationPlatforms) = preSolution
		Debug|Any CPU = Debug|Any CPU
		Release|Any CPU = Release|Any CPU
	EndGlobalSection
	GlobalSection(ProjectConfigurationPlatforms) = postSolution
		{D4811CFB-FB23-4B5E-A50B-8EEC9DE18644}.Debug|Any CPU.ActiveCfg = Debug|Any CPU
		{D4811CFB-FB23-4B5E-A50B-8EEC9DE18644}.Debug|Any CPU.Build.0 = Debug|Any CPU
		{D4811CFB-FB23-4B5E-A50B-8EEC9DE18644}.Release|Any CPU.ActiveCfg = Release|Any CPU
		{D4811CFB-FB23-4B5E-A50B-8EEC9DE18644}.Release|Any CPU.Build.0 = Release|Any CPU
	EndGlobalSection
	GlobalSection(SolutionProperties) = preSolution
		HideSolutionNode = FALSE
	EndGlobalSection
	GlobalSection(ExtensibilityGlobals) = postSolution
		SolutionGuid = {125BA8AA-22B4-4005-A610-B0C23BCE810A}
	EndGlobalSection
EndGlobal
